{
  "requires": true,
  "lockfileVersion": 1,
  "dependencies": {
    "jquery": {
      "version": "3.2.1",
      "resolved": "http://registry.npm.taobao.org/jquery/download/jquery-3.2.1.tgz",
      "integrity": "sha1-XE2d5lKvbNCncBVKYxu6ErAVx4c="
    },
    "phaser": {
      "version": "2.6.2",
      "resolved": "http://registry.npm.taobao.org/phaser/download/phaser-2.6.2.tgz"
    },
    "phaser-ce": {
      "version": "2.8.4",
      "resolved": "http://registry.npm.taobao.org/phaser-ce/download/phaser-ce-2.8.4.tgz"
    }
  }
}
